// !$*UTF8*$!
{
	archiveVersion = 1;
	classes = {
	};
	objectVersion = 50;
	objects = {

/* Begin PBXBuildFile section */
		FFDD8C2024A4866B00168F93 /* AppDelegate.swift in Sources */ = {isa = PBXBuildFile; fileRef = FFDD8C1F24A4866B00168F93 /* AppDelegate.swift */; };
		FFDD8C2224A4866B00168F93 /* ViewController.swift in Sources */ = {isa = PBXBuildFile; fileRef = FFDD8C2124A4866B00168F93 /* ViewController.swift */; };
		FFDD8C2524A4866B00168F93 /* Main.storyboard in Resources */ = {isa = PBXBuildFile; fileRef = FFDD8C2324A4866B00168F93 /* Main.storyboard */; };
		FFDD8C2724A4866D00168F93 /* Assets.xcassets in Resources */ = {isa = PBXBuildFile; fileRef = FFDD8C2624A4866D00168F93 /* Assets.xcassets */; };
		FFDD8C2A24A4866D00168F93 /* LaunchScreen.storyboard in Resources */ = {isa = PBXBuildFile; fileRef = FFDD8C2824A4866D00168F93 /* LaunchScreen.storyboard */; };
/* End PBXBuildFile section */

/* Begin PBXFileReference section */
		FFDD8C1C24A4866B00168F93 /* TvOSKeyboardCollapses.app */ = {isa = PBXFileReference; explicitFileType = wrapper.application; includeInIndex = 0; path = TvOSKeyboardCollapses.app; sourceTree = BUILT_PRODUCTS_DIR; };
		FFDD8C1F24A4866B00168F93 /* AppDelegate.swift */ = {isa = PBXFileReference; lastKnownFileType = sourcecode.swift; path = AppDelegate.swift; sourceTree = "<group>"; };
		FFDD8C2124A4866B00168F93 /* ViewController.swift */ = {isa = PBXFileReference; lastKnownFileType = sourcecode.swift; path = ViewController.swift; sourceTree = "<group>"; };
		FFDD8C2424A4866B00168F93 /* Base */ = {isa = PBXFileReference; lastKnownFileType = file.storyboard; name = Base; path = Base.lproj/Main.storyboard; sourceTree = "<group>"; };
		FFDD8C2624A4866D00168F93 /* Assets.xcassets */ = {isa = PBXFileReference; lastKnownFileType = folder.assetcatalog; path = Assets.xcassets; sourceTree = "<group>"; };
		FFDD8C2924A4866D00168F93 /* Base */ = {isa = PBXFileReference; lastKnownFileType = file.storyboard; name = Base; path = Base.lproj/LaunchScreen.storyboard; sourceTree = "<group>"; };
		FFDD8C2B24A4866D00168F93 /* Info.plist */ = {isa = PBXFileReference; lastKnownFileType = text.plist.xml; path = Info.plist; sourceTree = "<group>"; };
/* End PBXFileReference section */

/* Begin PBXFrameworksBuildPhase section */
		FFDD8C1924A4866B00168F93 /* Frameworks */ = {
			isa = PBXFrameworksBuildPhase;
			buildActionMask = 2147483647;
			files = (
			);
			runOnlyForDeploymentPostprocessing = 0;
		};
/* End PBXFrameworksBuildPhase section */

/* Begin PBXGroup section */
		FFDD8C1324A4866B00168F93 = {
			isa = PBXGroup;
			children = (
				FFDD8C1E24A4866B00168F93 /* TvOSKeyboardCollapses */,
				FFDD8C1D24A4866B00168F93 /* Products */,
			);
			sourceTree = "<group>";
		};
		FFDD8C1D24A4866B00168F93 /* Products */ = {
			isa = PBXGroup;
			children = (
				FFDD8C1C24A4866B00168F93 /* TvOSKeyboardCollapses.app */,
			);
			name = Products;
			sourceTree = "<group>";
		};
		FFDD8C1E24A4866B00168F93 /* TvOSKeyboardCollapses */ = {
			isa = PBXGroup;
			children = (
				FFDD8C1F24A4866B00168F93 /* AppDelegate.swift */,
				FFDD8C2124A4866B00168F93 /* ViewController.swift */,
				FFDD8C2324A4866B00168F93 /* Main.storyboard */,
				FFDD8C2624A4866D00168F93 /* Assets.xcassets */,
				FFDD8C2824A4866D00168F93 /* LaunchScreen.storyboard */,
				FFDD8C2B24A4866D00168F93 /* Info.plist */,
			);
			path = TvOSKeyboardCollapses;
			sourceTree = "<group>";
		};
/* End PBXGroup section */

/* Begin PBXNativeTarget section */
		FFDD8C1B24A4866B00168F93 /* TvOSKeyboardCollapses */ = {
			isa = PBXNativeTarget;
			buildConfigurationList = FFDD8C2E24A4866D00168F93 /* Build configuration list for PBXNativeTarget "TvOSKeyboardCollapses" */;
			buildPhases = (
				FFDD8C1824A4866B00168F93 /* Sources */,
				FFDD8C1924A4866B00168F93 /* Frameworks */,
				FFDD8C1A24A4866B00168F93 /* Resources */,
			);
			buildRules = (
			);
			dependencies = (
			);
			name = TvOSKeyboardCollapses;
			productName = TvOSKeyboardCollapses;
			productReference = FFDD8C1C24A4866B00168F93 /* TvOSKeyboardCollapses.app */;
			productType = "com.apple.product-type.application";
		};
/* End PBXNativeTarget section */

/* Begin PBXProject section */
		FFDD8C1424A4866B00168F93 /* Project object */ = {
			isa = PBXProject;
			attributes = {
				LastSwiftUpdateCheck = 1150;
				LastUpgradeCheck = 1150;
				ORGANIZATIONNAME = "David Cordero";
				TargetAttributes = {
					FFDD8C1B24A4866B00168F93 = {
						CreatedOnToolsVersion = 11.5;
					};
				};
			};
			buildConfigurationList = FFDD8C1724A4866B00168F93 /* Build configuration list for PBXProject "TvOSKeyboardCollapses" */;
			compatibilityVersion = "Xcode 9.3";
			developmentRegion = en;
			hasScannedForEncodings = 0;
			knownRegions = (
				en,
				Base,
			);
			mainGroup = FFDD8C1324A4866B00168F93;
			productRefGroup = FFDD8C1D24A4866B00168F93 /* Products */;
			projectDirPath = "";
			projectRoot = "";
			targets = (
				FFDD8C1B24A4866B00168F93 /* TvOSKeyboardCollapses */,
			);
		};
/* End PBXProject section */

/* Begin PBXResourcesBuildPhase section */
		FFDD8C1A24A4866B00168F93 /* Resources */ = {
			isa = PBXResourcesBuildPhase;
			buildActionMask = 2147483647;
			files = (
				FFDD8C2A24A4866D00168F93 /* LaunchScreen.storyboard in Resources */,
				FFDD8C2724A4866D00168F93 /* Assets.xcassets in Resources */,
				FFDD8C2524A4866B00168F93 /* Main.storyboard in Resources */,
			);
			runOnlyForDeploymentPostprocessing = 0;
		};
/* End PBXResourcesBuildPhase section */

/* Begin PBXSourcesBuildPhase section */
		FFDD8C1824A4866B00168F93 /* Sources */ = {
			isa = PBXSourcesBuildPhase;
			buildActionMask = 2147483647;
			files = (
				FFDD8C2224A4866B00168F93 /* ViewController.swift in Sources */,
				FFDD8C2024A4866B00168F93 /* AppDelegate.swift in Sources */,
			);
			runOnlyForDeploymentPostprocessing = 0;
		};
/* End PBXSourcesBuildPhase section */

/* Begin PBXVariantGroup section */
		FFDD8C2324A4866B00168F93 /* Main.storyboard */ = {
			isa = PBXVariantGroup;
			children = (
				FFDD8C2424A4866B00168F93 /* Base */,
			);
			name = Main.storyboard;
			sourceTree = "<group>";
		};
		FFDD8C2824A4866D00168F93 /* LaunchScreen.storyboard */ = {
			isa = PBXVariantGroup;
			children = (
				FFDD8C2924A4866D00168F93 /* Base */,
			);
			name = LaunchScreen.storyboard;
			sourceTree = "<group>";
		};
/* End PBXVariantGroup section */

/* Begin XCBuildConfiguration section */
		FFDD8C2C24A4866D00168F93 /* Debug */ = {
			isa = XCBuildConfiguration;
			buildSettings = {
				ALWAYS_SEARCH_USER_PATHS = NO;
				CLANG_ANALYZER_NONNULL = YES;
				CLANG_ANALYZER_NUMBER_OBJECT_CONVERSION = YES_AGGRESSIVE;
				CLANG_CXX_LANGUAGE_STANDARD = "gnu++14";
				CLANG_CXX_LIBRARY = "libc++";
				CLANG_ENABLE_MODULES = YES;
				CLANG_ENABLE_OBJC_ARC = YES;
				CLANG_ENABLE_OBJC_WEAK = YES;
				CLANG_WARN_BLOCK_CAPTURE_AUTORELEASING = YES;
				CLANG_WARN_BOOL_CONVERSION = YES;
				CLANG_WARN_COMMA = YES;
				CLANG_WARN_CONSTANT_CONVERSION = YES;
				CLANG_WARN_DEPRECATED_OBJC_IMPLEMENTATIONS = YES;
				CLANG_WARN_DIRECT_OBJC_ISA_USAGE = YES_ERROR;
				CLANG_WARN_DOCUMENTATION_COMMENTS = YES;
				CLANG_WARN_EMPTY_BODY = YES;
				CLANG_WARN_ENUM_CONVERSION = YES;
				CLANG_WARN_INFINITE_RECURSION = YES;
				CLANG_WARN_INT_CONVERSION = YES;
				CLANG_WARN_NON_LITERAL_NULL_CONVERSION = YES;
				CLANG_WARN_OBJC_IMPLICIT_RETAIN_SELF = YES;
				CLANG_WARN_OBJC_LITERAL_CONVERSION = YES;
				CLANG_WARN_OBJC_ROOT_CLASS = YES_ERROR;
				CLANG_WARN_RANGE_LOOP_ANALYSIS = YES;
				CLANG_WARN_STRICT_PROTOTYPES = YES;
				CLANG_WARN_SUSPICIOUS_MOVE = YES;
				CLANG_WARN_UNGUARDED_AVAILABILITY = YES_AGGRESSIVE;
				CLANG_WARN_UNREACHABLE_CODE = YES;
				CLANG_WARN__DUPLICATE_METHOD_MATCH = YES;
				COPY_PHASE_STRIP = NO;
				DEBUG_INFORMATION_FORMAT = dwarf;
				ENABLE_STRICT_OBJC_MSGSEND = YES;
				ENABLE_TESTABILITY = YES;
				GCC_C_LANGUAGE_STANDARD = gnu11;
				GCC_DYNAMIC_NO_PIC = NO;
				GCC_NO_COMMON_BLOCKS = YES;
				GCC_OPTIMIZATION_LEVEL = 0;
				GCC_PREPROCESSOR_DEFINITIONS = (
					"DEBUG=1",
					"$(inherited)",
				);
				GCC_WARN_64_TO_32_BIT_CONVERSION = YES;
				GCC_WARN_ABOUT_RETURN_TYPE = YES_ERROR;
				GCC_WARN_UNDECLARED_SELECTOR = YES;
				GCC_WARN_UNINITIALIZED_AUTOS = YES_AGGRESSIVE;
				GCC_WARN_UNUSED_FUNCTION = YES;
				GCC_WARN_UNUSED_VARIABLE = YES;
				MTL_ENABLE_DEBUG_INFO = INCLUDE_SOURCE;
				MTL_FAST_MATH = YES;
				ONLY_ACTIVE_ARCH = YES;
				SDKROOT = appletvos;
				SWIFT_ACTIVE_COMPILATION_CONDITIONS = DEBUG;
				SWIFT_OPTIMIZATION_LEVEL = "-Onone";
				TVOS_DEPLOYMENT_TARGET = 13.4;
			};
			name = Debug;
		};
		FFDD8C2D24A4866D00168F93 /* Release */ = {
			isa = XCBuildConfiguration;
			buildSettings = {
				ALWAYS_SEARCH_USER_PATHS = NO;
				CLANG_ANALYZER_NONNULL = YES;
				CLANG_ANALYZER_NUMBER_OBJECT_CONVERSION = YES_AGGRESSIVE;
				CLANG_CXX_LANGUAGE_STANDARD = "gnu++14";
				CLANG_CXX_LIBRARY = "libc++";
				CLANG_ENABLE_MODULES = YES;
				CLANG_ENABLE_OBJC_ARC = YES;
				CLANG_ENABLE_OBJC_WEAK = YES;
				CLANG_WARN_BLOCK_CAPTURE_AUTORELEASING = YES;
				CLANG_WARN_BOOL_CONVERSION = YES;
				CLANG_WARN_COMMA = YES;
				CLANG_WARN_CONSTANT_CONVERSION = YES;
				CLANG_WARN_DEPRECATED_OBJC_IMPLEMENTATIONS = YES;
				CLANG_WARN_DIRECT_OBJC_ISA_USAGE = YES_ERROR;
				CLANG_WARN_DOCUMENTATION_COMMENTS = YES;
				CLANG_WARN_EMPTY_BODY = YES;
				CLANG_WARN_ENUM_CONVERSION = YES;
				CLANG_WARN_INFINITE_RECURSION = YES;
				CLANG_WARN_INT_CONVERSION = YES;
				CLANG_WARN_NON_LITERAL_NULL_CONVERSION = YES;
				CLANG_WARN_OBJC_IMPLICIT_RETAIN_SELF = YES;
				CLANG_WARN_OBJC_LITERAL_CONVERSION = YES;
				CLANG_WARN_OBJC_ROOT_CLASS = YES_ERROR;
				CLANG_WARN_RANGE_LOOP_ANALYSIS = YES;
				CLANG_WARN_STRICT_PROTOTYPES = YES;
				CLANG_WARN_SUSPICIOUS_MOVE = YES;
				CLANG_WARN_UNGUARDED_AVAILABILITY = YES_AGGRESSIVE;
				CLANG_WARN_UNREACHABLE_CODE = YES;
				CLANG_WARN__DUPLICATE_METHOD_MATCH = YES;
				COPY_PHASE_STRIP = NO;
				DEBUG_INFORMATION_FORMAT = "dwarf-with-dsym";
				ENABLE_NS_ASSERTIONS = NO;
				ENABLE_STRICT_OBJC_MSGSEND = YES;
				GCC_C_LANGUAGE_STANDARD = gnu11;
				GCC_NO_COMMON_BLOCKS = YES;
				GCC_WARN_64_TO_32_BIT_CONVERSION = YES;
				GCC_WARN_ABOUT_RETURN_TYPE = YES_ERROR;
				GCC_WARN_UNDECLARED_SELECTOR = YES;
				GCC_WARN_UNINITIALIZED_AUTOS = YES_AGGRESSIVE;
				GCC_WARN_UNUSED_FUNCTION = YES;
				GCC_WARN_UNUSED_VARIABLE = YES;
				MTL_ENABLE_DEBUG_INFO = NO;
				MTL_FAST_MATH = YES;
				SDKROOT = appletvos;
				SWIFT_COMPILATION_MODE = wholemodule;
				SWIFT_OPTIMIZATION_LEVEL = "-O";
				TVOS_DEPLOYMENT_TARGET = 13.4;
				VALIDATE_PRODUCT = YES;
			};
			name = Release;
		};
		FFDD8C2F24A4866D00168F93 /* Debug */ = {
			isa = XCBuildConfiguration;
			buildSettings = {
				ASSETCATALOG_COMPILER_APPICON_NAME = "App Icon & Top Shelf Image";
				CODE_SIGN_STYLE = Automatic;
				DEVELOPMENT_TEAM = C3QRL9KEQ4;
				INFOPLIST_FILE = TvOSKeyboardCollapses/Info.plist;
				LD_RUNPATH_SEARCH_PATHS = (
					"$(inherited)",
					"@executable_path/Frameworks",
				);
				PRODUCT_BUNDLE_IDENTIFIER = me.dcordero.TvOSKeyboardCollapses;
				PRODUCT_NAME = "$(TARGET_NAME)";
				SWIFT_VERSION = 5.0;
				TARGETED_DEVICE_FAMILY = 3;
			};
			name = Debug;
		};
		FFDD8C3024A4866D00168F93 /* Release */ = {
			isa = XCBuildConfiguration;
			buildSettings = {
				ASSETCATALOG_COMPILER_APPICON_NAME = "App Icon & Top Shelf Image";
				CODE_SIGN_STYLE = Automatic;
				DEVELOPMENT_TEAM = C3QRL9KEQ4;
				INFOPLIST_FILE = TvOSKeyboardCollapses/Info.plist;
				LD_RUNPATH_SEARCH_PATHS = (
					"$(inherited)",
					"@executable_path/Frameworks",
				);
				PRODUCT_BUNDLE_IDENTIFIER = me.dcordero.TvOSKeyboardCollapses;
				PRODUCT_NAME = "$(TARGET_NAME)";
				SWIFT_VERSION = 5.0;
				TARGETED_DEVICE_FAMILY = 3;
			};
			name = Release;
		};
/* End XCBuildConfiguration section */

/* Begin XCConfigurationList section */
		FFDD8C1724A4866B00168F93 /* Build configuration list for PBXProject "TvOSKeyboardCollapses" */ = {
			isa = XCConfigurationList;
			buildConfigurations = (
				FFDD8C2C24A4866D00168F93 /* Debug */,
				FFDD8C2D24A4866D00168F93 /* Release */,
			);
			defaultConfigurationIsVisible = 0;
			defaultConfigurationName = Release;
		};
		FFDD8C2E24A4866D00168F93 /* Build configuration list for PBXNativeTarget "TvOSKeyboardCollapses" */ = {
			isa = XCConfigurationList;
			buildConfigurations = (
				FFDD8C2F24A4866D00168F93 /* Debug */,
				FFDD8C3024A4866D00168F93 /* Release */,
			);
			defaultConfigurationIsVisible = 0;
			defaultConfigurationName = Release;
		};
/* End XCConfigurationList section */
	};
	rootObject = FFDD8C1424A4866B00168F93 /* Project object */;
}
